
Microsoft Visual Studio Solution File, Format Version 12.00
# Visual Studio Version 17
VisualStudioVersion = 17.11.35327.3
MinimumVisualStudioVersion = 10.0.40219.1
Project("{778DAE3C-4631-46EA-AA77-85C1314464D9}") = "GymSystem", "GymSystem\GymSystem.vbproj", "{574B9F0A-6C90-4C2A-B4DC-B28DB091A78B}"
EndProject
Global
	GlobalSection(SolutionConfigurationPlatforms) = preSolution
		Debug|Any CPU = Debug|Any CPU
		Release|Any CPU = Release|Any CPU
	EndGlobalSection
	GlobalSection(ProjectConfigurationPlatforms) = postSolution
		{574B9F0A-6C90-4C2A-B4DC-B28DB091A78B}.Debug|Any CPU.ActiveCfg = Debug|Any CPU
		{574B9F0A-6C90-4C2A-B4DC-B28DB091A78B}.Debug|Any CPU.Build.0 = Debug|Any CPU
		{574B9F0A-6C90-4C2A-B4DC-B28DB091A78B}.Release|Any CPU.ActiveCfg = Release|Any CPU
		{574B9F0A-6C90-4C2A-B4DC-B28DB091A78B}.Release|Any CPU.Build.0 = Release|Any CPU
	EndGlobalSection
	GlobalSection(SolutionProperties) = preSolution
		HideSolutionNode = FALSE
	EndGlobalSection
	GlobalSection(ExtensibilityGlobals) = postSolution
		SolutionGuid = {2ED2C043-8148-4A8F-A25F-B09DA44BB348}
	EndGlobalSection
EndGlobal
